// !$*UTF8*$!
{
	archiveVersion = 1;
	classes = {
	};
	objectVersion = 56;
	objects = {

/* Begin PBXBuildFile section */
		0D09F0D42972F51D0061F6CB /* SquareEmployeeDirectoryAppApp.swift in Sources */ = {isa = PBXBuildFile; fileRef = 0D09F0D32972F51D0061F6CB /* SquareEmployeeDirectoryAppApp.swift */; };
		0D09F0D82972F51F0061F6CB /* Assets.xcassets in Resources */ = {isa = PBXBuildFile; fileRef = 0D09F0D72972F51F0061F6CB /* Assets.xcassets */; };
		0D09F0DC2972F51F0061F6CB /* Preview Assets.xcassets in Resources */ = {isa = PBXBuildFile; fileRef = 0D09F0DB2972F51F0061F6CB /* Preview Assets.xcassets */; };
		0D09F0E72972F59C0061F6CB /* EmployeeModelDataService.swift in Sources */ = {isa = PBXBuildFile; fileRef = 0D09F0E62972F59C0061F6CB /* EmployeeModelDataService.swift */; };
		0D09F0E92972F5B20061F6CB /* PhotoModelCacheManager.swift in Sources */ = {isa = PBXBuildFile; fileRef = 0D09F0E82972F5B20061F6CB /* PhotoModelCacheManager.swift */; };
		0D09F0ED2972F6240061F6CB /* EmployeesListView.swift in Sources */ = {isa = PBXBuildFile; fileRef = 0D09F0EC2972F6240061F6CB /* EmployeesListView.swift */; };
		0D09F0EF2972F6320061F6CB /* EmployeePhotoView.swift in Sources */ = {isa = PBXBuildFile; fileRef = 0D09F0EE2972F6320061F6CB /* EmployeePhotoView.swift */; };
		0D09F0F12972F6810061F6CB /* EmployeesModel.swift in Sources */ = {isa = PBXBuildFile; fileRef = 0D09F0F02972F6810061F6CB /* EmployeesModel.swift */; };
		0D09F0F32972F6A40061F6CB /* EmployeesListViewModel.swift in Sources */ = {isa = PBXBuildFile; fileRef = 0D09F0F22972F6A40061F6CB /* EmployeesListViewModel.swift */; };
		0D09F0F52972F6B60061F6CB /* EmployeePhotoViewModel.swift in Sources */ = {isa = PBXBuildFile; fileRef = 0D09F0F42972F6B60061F6CB /* EmployeePhotoViewModel.swift */; };
		0D09F0FD2972F8560061F6CB /* SquareEmployeeDirectoryApp_Tests.swift in Sources */ = {isa = PBXBuildFile; fileRef = 0D09F0FC2972F8560061F6CB /* SquareEmployeeDirectoryApp_Tests.swift */; };
		0D09F1042972F8970061F6CB /* EmployeesListViewModel_Test.swift in Sources */ = {isa = PBXBuildFile; fileRef = 0D09F1032972F8970061F6CB /* EmployeesListViewModel_Test.swift */; };
		0D09F108297308380061F6CB /* EmployeeModelDataService_Tests.swift in Sources */ = {isa = PBXBuildFile; fileRef = 0D09F107297308380061F6CB /* EmployeeModelDataService_Tests.swift */; };
		0D09F10A29738DB20061F6CB /* Endpoints.swift in Sources */ = {isa = PBXBuildFile; fileRef = 0D09F10929738DB10061F6CB /* Endpoints.swift */; };
		0D09F10E29743EED0061F6CB /* PhotoModelDataService_Tests.swift in Sources */ = {isa = PBXBuildFile; fileRef = 0D09F10D29743EED0061F6CB /* PhotoModelDataService_Tests.swift */; };
		0D09F110297442C60061F6CB /* EmployeesModel_Tests.swift in Sources */ = {isa = PBXBuildFile; fileRef = 0D09F10F297442C60061F6CB /* EmployeesModel_Tests.swift */; };
/* End PBXBuildFile section */

/* Begin PBXContainerItemProxy section */
		0D09F0FE2972F8560061F6CB /* PBXContainerItemProxy */ = {
			isa = PBXContainerItemProxy;
			containerPortal = 0D09F0C82972F51D0061F6CB /* Project object */;
			proxyType = 1;
			remoteGlobalIDString = 0D09F0CF2972F51D0061F6CB;
			remoteInfo = SquareEmployeeDirectoryApp;
		};
/* End PBXContainerItemProxy section */

/* Begin PBXFileReference section */
		0D09F0D02972F51D0061F6CB /* SquareEmployeeDirectoryApp.app */ = {isa = PBXFileReference; explicitFileType = wrapper.application; includeInIndex = 0; path = SquareEmployeeDirectoryApp.app; sourceTree = BUILT_PRODUCTS_DIR; };
		0D09F0D32972F51D0061F6CB /* SquareEmployeeDirectoryAppApp.swift */ = {isa = PBXFileReference; lastKnownFileType = sourcecode.swift; path = SquareEmployeeDirectoryAppApp.swift; sourceTree = "<group>"; };
		0D09F0D72972F51F0061F6CB /* Assets.xcassets */ = {isa = PBXFileReference; lastKnownFileType = folder.assetcatalog; path = Assets.xcassets; sourceTree = "<group>"; };
		0D09F0D92972F51F0061F6CB /* SquareEmployeeDirectoryApp.entitlements */ = {isa = PBXFileReference; lastKnownFileType = text.plist.entitlements; path = SquareEmployeeDirectoryApp.entitlements; sourceTree = "<group>"; };
		0D09F0DB2972F51F0061F6CB /* Preview Assets.xcassets */ = {isa = PBXFileReference; lastKnownFileType = folder.assetcatalog; path = "Preview Assets.xcassets"; sourceTree = "<group>"; };
		0D09F0E62972F59C0061F6CB /* EmployeeModelDataService.swift */ = {isa = PBXFileReference; lastKnownFileType = sourcecode.swift; path = EmployeeModelDataService.swift; sourceTree = "<group>"; };
		0D09F0E82972F5B20061F6CB /* PhotoModelCacheManager.swift */ = {isa = PBXFileReference; lastKnownFileType = sourcecode.swift; path = PhotoModelCacheManager.swift; sourceTree = "<group>"; };
		0D09F0EC2972F6240061F6CB /* EmployeesListView.swift */ = {isa = PBXFileReference; lastKnownFileType = sourcecode.swift; path = EmployeesListView.swift; sourceTree = "<group>"; };
		0D09F0EE2972F6320061F6CB /* EmployeePhotoView.swift */ = {isa = PBXFileReference; lastKnownFileType = sourcecode.swift; path = EmployeePhotoView.swift; sourceTree = "<group>"; };
		0D09F0F02972F6810061F6CB /* EmployeesModel.swift */ = {isa = PBXFileReference; lastKnownFileType = sourcecode.swift; path = EmployeesModel.swift; sourceTree = "<group>"; };
		0D09F0F22972F6A40061F6CB /* EmployeesListViewModel.swift */ = {isa = PBXFileReference; lastKnownFileType = sourcecode.swift; path = EmployeesListViewModel.swift; sourceTree = "<group>"; };
		0D09F0F42972F6B60061F6CB /* EmployeePhotoViewModel.swift */ = {isa = PBXFileReference; lastKnownFileType = sourcecode.swift; path = EmployeePhotoViewModel.swift; sourceTree = "<group>"; };
		0D09F0FA2972F8560061F6CB /* SquareEmployeeDirectoryApp_Tests.xctest */ = {isa = PBXFileReference; explicitFileType = wrapper.cfbundle; includeInIndex = 0; path = SquareEmployeeDirectoryApp_Tests.xctest; sourceTree = BUILT_PRODUCTS_DIR; };
		0D09F0FC2972F8560061F6CB /* SquareEmployeeDirectoryApp_Tests.swift */ = {isa = PBXFileReference; lastKnownFileType = sourcecode.swift; path = SquareEmployeeDirectoryApp_Tests.swift; sourceTree = "<group>"; };
		0D09F1032972F8970061F6CB /* EmployeesListViewModel_Test.swift */ = {isa = PBXFileReference; lastKnownFileType = sourcecode.swift; path = EmployeesListViewModel_Test.swift; sourceTree = "<group>"; };
		0D09F107297308380061F6CB /* EmployeeModelDataService_Tests.swift */ = {isa = PBXFileReference; lastKnownFileType = sourcecode.swift; path = EmployeeModelDataService_Tests.swift; sourceTree = "<group>"; };
		0D09F10929738DB10061F6CB /* Endpoints.swift */ = {isa = PBXFileReference; lastKnownFileType = sourcecode.swift; path = Endpoints.swift; sourceTree = "<group>"; };
		0D09F10D29743EED0061F6CB /* PhotoModelDataService_Tests.swift */ = {isa = PBXFileReference; lastKnownFileType = sourcecode.swift; path = PhotoModelDataService_Tests.swift; sourceTree = "<group>"; };
		0D09F10F297442C60061F6CB /* EmployeesModel_Tests.swift */ = {isa = PBXFileReference; lastKnownFileType = sourcecode.swift; path = EmployeesModel_Tests.swift; sourceTree = "<group>"; };
/* End PBXFileReference section */

/* Begin PBXFrameworksBuildPhase section */
		0D09F0CD2972F51D0061F6CB /* Frameworks */ = {
			isa = PBXFrameworksBuildPhase;
			buildActionMask = 2147483647;
			files = (
			);
			runOnlyForDeploymentPostprocessing = 0;
		};
		0D09F0F72972F8560061F6CB /* Frameworks */ = {
			isa = PBXFrameworksBuildPhase;
			buildActionMask = 2147483647;
			files = (
			);
			runOnlyForDeploymentPostprocessing = 0;
		};
/* End PBXFrameworksBuildPhase section */

/* Begin PBXGroup section */
		0D09F0C72972F51D0061F6CB = {
			isa = PBXGroup;
			children = (
				0D09F0D22972F51D0061F6CB /* SquareEmployeeDirectoryApp */,
				0D09F0FB2972F8560061F6CB /* SquareEmployeeDirectoryApp_Tests */,
				0D09F0D12972F51D0061F6CB /* Products */,
			);
			sourceTree = "<group>";
		};
		0D09F0D12972F51D0061F6CB /* Products */ = {
			isa = PBXGroup;
			children = (
				0D09F0D02972F51D0061F6CB /* SquareEmployeeDirectoryApp.app */,
				0D09F0FA2972F8560061F6CB /* SquareEmployeeDirectoryApp_Tests.xctest */,
			);
			name = Products;
			sourceTree = "<group>";
		};
		0D09F0D22972F51D0061F6CB /* SquareEmployeeDirectoryApp */ = {
			isa = PBXGroup;
			children = (
				0D09F0E32972F5500061F6CB /* Views */,
				0D09F0E42972F5640061F6CB /* Models */,
				0D09F0E52972F5720061F6CB /* ViewModels */,
				0D09F0E22972F53F0061F6CB /* Utilities */,
				0D09F0D32972F51D0061F6CB /* SquareEmployeeDirectoryAppApp.swift */,
				0D09F0D72972F51F0061F6CB /* Assets.xcassets */,
				0D09F0D92972F51F0061F6CB /* SquareEmployeeDirectoryApp.entitlements */,
				0D09F0DA2972F51F0061F6CB /* Preview Content */,
			);
			path = SquareEmployeeDirectoryApp;
			sourceTree = "<group>";
		};
		0D09F0DA2972F51F0061F6CB /* Preview Content */ = {
			isa = PBXGroup;
			children = (
				0D09F0DB2972F51F0061F6CB /* Preview Assets.xcassets */,
			);
			path = "Preview Content";
			sourceTree = "<group>";
		};
		0D09F0E22972F53F0061F6CB /* Utilities */ = {
			isa = PBXGroup;
			children = (
				0D09F0E62972F59C0061F6CB /* EmployeeModelDataService.swift */,
				0D09F0E82972F5B20061F6CB /* PhotoModelCacheManager.swift */,
			);
			path = Utilities;
			sourceTree = "<group>";
		};
		0D09F0E32972F5500061F6CB /* Views */ = {
			isa = PBXGroup;
			children = (
				0D09F0EC2972F6240061F6CB /* EmployeesListView.swift */,
				0D09F0EE2972F6320061F6CB /* EmployeePhotoView.swift */,
			);
			path = Views;
			sourceTree = "<group>";
		};
		0D09F0E42972F5640061F6CB /* Models */ = {
			isa = PBXGroup;
			children = (
				0D09F0F02972F6810061F6CB /* EmployeesModel.swift */,
				0D09F10929738DB10061F6CB /* Endpoints.swift */,
			);
			path = Models;
			sourceTree = "<group>";
		};
		0D09F0E52972F5720061F6CB /* ViewModels */ = {
			isa = PBXGroup;
			children = (
				0D09F0F22972F6A40061F6CB /* EmployeesListViewModel.swift */,
				0D09F0F42972F6B60061F6CB /* EmployeePhotoViewModel.swift */,
			);
			path = ViewModels;
			sourceTree = "<group>";
		};
		0D09F0FB2972F8560061F6CB /* SquareEmployeeDirectoryApp_Tests */ = {
			isa = PBXGroup;
			children = (
				0D09F0FC2972F8560061F6CB /* SquareEmployeeDirectoryApp_Tests.swift */,
				0D09F10D29743EED0061F6CB /* PhotoModelDataService_Tests.swift */,
				0D09F107297308380061F6CB /* EmployeeModelDataService_Tests.swift */,
				0D09F10F297442C60061F6CB /* EmployeesModel_Tests.swift */,
				0D09F1032972F8970061F6CB /* EmployeesListViewModel_Test.swift */,
			);
			path = SquareEmployeeDirectoryApp_Tests;
			sourceTree = "<group>";
		};
/* End PBXGroup section */

/* Begin PBXNativeTarget section */
		0D09F0CF2972F51D0061F6CB /* SquareEmployeeDirectoryApp */ = {
			isa = PBXNativeTarget;
			buildConfigurationList = 0D09F0DF2972F51F0061F6CB /* Build configuration list for PBXNativeTarget "SquareEmployeeDirectoryApp" */;
			buildPhases = (
				0D09F0CC2972F51D0061F6CB /* Sources */,
				0D09F0CD2972F51D0061F6CB /* Frameworks */,
				0D09F0CE2972F51D0061F6CB /* Resources */,
			);
			buildRules = (
			);
			dependencies = (
			);
			name = SquareEmployeeDirectoryApp;
			productName = SquareEmployeeDirectoryApp;
			productReference = 0D09F0D02972F51D0061F6CB /* SquareEmployeeDirectoryApp.app */;
			productType = "com.apple.product-type.application";
		};
		0D09F0F92972F8560061F6CB /* SquareEmployeeDirectoryApp_Tests */ = {
			isa = PBXNativeTarget;
			buildConfigurationList = 0D09F1022972F8560061F6CB /* Build configuration list for PBXNativeTarget "SquareEmployeeDirectoryApp_Tests" */;
			buildPhases = (
				0D09F0F62972F8560061F6CB /* Sources */,
				0D09F0F72972F8560061F6CB /* Frameworks */,
				0D09F0F82972F8560061F6CB /* Resources */,
			);
			buildRules = (
			);
			dependencies = (
				0D09F0FF2972F8560061F6CB /* PBXTargetDependency */,
			);
			name = SquareEmployeeDirectoryApp_Tests;
			productName = SquareEmployeeDirectoryApp_Tests;
			productReference = 0D09F0FA2972F8560061F6CB /* SquareEmployeeDirectoryApp_Tests.xctest */;
			productType = "com.apple.product-type.bundle.unit-test";
		};
/* End PBXNativeTarget section */

/* Begin PBXProject section */
		0D09F0C82972F51D0061F6CB /* Project object */ = {
			isa = PBXProject;
			attributes = {
				BuildIndependentTargetsInParallel = 1;
				LastSwiftUpdateCheck = 1410;
				LastUpgradeCheck = 1410;
				TargetAttributes = {
					0D09F0CF2972F51D0061F6CB = {
						CreatedOnToolsVersion = 14.1;
					};
					0D09F0F92972F8560061F6CB = {
						CreatedOnToolsVersion = 14.1;
						TestTargetID = 0D09F0CF2972F51D0061F6CB;
					};
				};
			};
			buildConfigurationList = 0D09F0CB2972F51D0061F6CB /* Build configuration list for PBXProject "SquareEmployeeDirectoryApp" */;
			compatibilityVersion = "Xcode 14.0";
			developmentRegion = en;
			hasScannedForEncodings = 0;
			knownRegions = (
				en,
				Base,
			);
			mainGroup = 0D09F0C72972F51D0061F6CB;
			productRefGroup = 0D09F0D12972F51D0061F6CB /* Products */;
			projectDirPath = "";
			projectRoot = "";
			targets = (
				0D09F0CF2972F51D0061F6CB /* SquareEmployeeDirectoryApp */,
				0D09F0F92972F8560061F6CB /* SquareEmployeeDirectoryApp_Tests */,
			);
		};
/* End PBXProject section */

/* Begin PBXResourcesBuildPhase section */
		0D09F0CE2972F51D0061F6CB /* Resources */ = {
			isa = PBXResourcesBuildPhase;
			buildActionMask = 2147483647;
			files = (
				0D09F0DC2972F51F0061F6CB /* Preview Assets.xcassets in Resources */,
				0D09F0D82972F51F0061F6CB /* Assets.xcassets in Resources */,
			);
			runOnlyForDeploymentPostprocessing = 0;
		};
		0D09F0F82972F8560061F6CB /* Resources */ = {
			isa = PBXResourcesBuildPhase;
			buildActionMask = 2147483647;
			files = (
			);
			runOnlyForDeploymentPostprocessing = 0;
		};
/* End PBXResourcesBuildPhase section */

/* Begin PBXSourcesBuildPhase section */
		0D09F0CC2972F51D0061F6CB /* Sources */ = {
			isa = PBXSourcesBuildPhase;
			buildActionMask = 2147483647;
			files = (
				0D09F0ED2972F6240061F6CB /* EmployeesListView.swift in Sources */,
				0D09F0E72972F59C0061F6CB /* EmployeeModelDataService.swift in Sources */,
				0D09F0F32972F6A40061F6CB /* EmployeesListViewModel.swift in Sources */,
				0D09F0E92972F5B20061F6CB /* PhotoModelCacheManager.swift in Sources */,
				0D09F0F52972F6B60061F6CB /* EmployeePhotoViewModel.swift in Sources */,
				0D09F0D42972F51D0061F6CB /* SquareEmployeeDirectoryAppApp.swift in Sources */,
				0D09F0F12972F6810061F6CB /* EmployeesModel.swift in Sources */,
				0D09F10A29738DB20061F6CB /* Endpoints.swift in Sources */,
				0D09F0EF2972F6320061F6CB /* EmployeePhotoView.swift in Sources */,
			);
			runOnlyForDeploymentPostprocessing = 0;
		};
		0D09F0F62972F8560061F6CB /* Sources */ = {
			isa = PBXSourcesBuildPhase;
			buildActionMask = 2147483647;
			files = (
				0D09F1042972F8970061F6CB /* EmployeesListViewModel_Test.swift in Sources */,
				0D09F10E29743EED0061F6CB /* PhotoModelDataService_Tests.swift in Sources */,
				0D09F108297308380061F6CB /* EmployeeModelDataService_Tests.swift in Sources */,
				0D09F110297442C60061F6CB /* EmployeesModel_Tests.swift in Sources */,
				0D09F0FD2972F8560061F6CB /* SquareEmployeeDirectoryApp_Tests.swift in Sources */,
			);
			runOnlyForDeploymentPostprocessing = 0;
		};
/* End PBXSourcesBuildPhase section */

/* Begin PBXTargetDependency section */
		0D09F0FF2972F8560061F6CB /* PBXTargetDependency */ = {
			isa = PBXTargetDependency;
			target = 0D09F0CF2972F51D0061F6CB /* SquareEmployeeDirectoryApp */;
			targetProxy = 0D09F0FE2972F8560061F6CB /* PBXContainerItemProxy */;
		};
/* End PBXTargetDependency section */

/* Begin XCBuildConfiguration section */
		0D09F0DD2972F51F0061F6CB /* Debug */ = {
			isa = XCBuildConfiguration;
			buildSettings = {
				ALWAYS_SEARCH_USER_PATHS = NO;
				CLANG_ANALYZER_NONNULL = YES;
				CLANG_ANALYZER_NUMBER_OBJECT_CONVERSION = YES_AGGRESSIVE;
				CLANG_CXX_LANGUAGE_STANDARD = "gnu++20";
				CLANG_ENABLE_MODULES = YES;
				CLANG_ENABLE_OBJC_ARC = YES;
				CLANG_ENABLE_OBJC_WEAK = YES;
				CLANG_WARN_BLOCK_CAPTURE_AUTORELEASING = YES;
				CLANG_WARN_BOOL_CONVERSION = YES;
				CLANG_WARN_COMMA = YES;
				CLANG_WARN_CONSTANT_CONVERSION = YES;
				CLANG_WARN_DEPRECATED_OBJC_IMPLEMENTATIONS = YES;
				CLANG_WARN_DIRECT_OBJC_ISA_USAGE = YES_ERROR;
				CLANG_WARN_DOCUMENTATION_COMMENTS = YES;
				CLANG_WARN_EMPTY_BODY = YES;
				CLANG_WARN_ENUM_CONVERSION = YES;
				CLANG_WARN_INFINITE_RECURSION = YES;
				CLANG_WARN_INT_CONVERSION = YES;
				CLANG_WARN_NON_LITERAL_NULL_CONVERSION = YES;
				CLANG_WARN_OBJC_IMPLICIT_RETAIN_SELF = YES;
				CLANG_WARN_OBJC_LITERAL_CONVERSION = YES;
				CLANG_WARN_OBJC_ROOT_CLASS = YES_ERROR;
				CLANG_WARN_QUOTED_INCLUDE_IN_FRAMEWORK_HEADER = YES;
				CLANG_WARN_RANGE_LOOP_ANALYSIS = YES;
				CLANG_WARN_STRICT_PROTOTYPES = YES;
				CLANG_WARN_SUSPICIOUS_MOVE = YES;
				CLANG_WARN_UNGUARDED_AVAILABILITY = YES_AGGRESSIVE;
				CLANG_WARN_UNREACHABLE_CODE = YES;
				CLANG_WARN__DUPLICATE_METHOD_MATCH = YES;
				COPY_PHASE_STRIP = NO;
				DEBUG_INFORMATION_FORMAT = dwarf;
				ENABLE_STRICT_OBJC_MSGSEND = YES;
				ENABLE_TESTABILITY = YES;
				GCC_C_LANGUAGE_STANDARD = gnu11;
				GCC_DYNAMIC_NO_PIC = NO;
				GCC_NO_COMMON_BLOCKS = YES;
				GCC_OPTIMIZATION_LEVEL = 0;
				GCC_PREPROCESSOR_DEFINITIONS = (
					"DEBUG=1",
					"$(inherited)",
				);
				GCC_WARN_64_TO_32_BIT_CONVERSION = YES;
				GCC_WARN_ABOUT_RETURN_TYPE = YES_ERROR;
				GCC_WARN_UNDECLARED_SELECTOR = YES;
				GCC_WARN_UNINITIALIZED_AUTOS = YES_AGGRESSIVE;
				GCC_WARN_UNUSED_FUNCTION = YES;
				GCC_WARN_UNUSED_VARIABLE = YES;
				MTL_ENABLE_DEBUG_INFO = INCLUDE_SOURCE;
				MTL_FAST_MATH = YES;
				ONLY_ACTIVE_ARCH = YES;
				SWIFT_ACTIVE_COMPILATION_CONDITIONS = DEBUG;
				SWIFT_OPTIMIZATION_LEVEL = "-Onone";
			};
			name = Debug;
		};
		0D09F0DE2972F51F0061F6CB /* Release */ = {
			isa = XCBuildConfiguration;
			buildSettings = {
				ALWAYS_SEARCH_USER_PATHS = NO;
				CLANG_ANALYZER_NONNULL = YES;
				CLANG_ANALYZER_NUMBER_OBJECT_CONVERSION = YES_AGGRESSIVE;
				CLANG_CXX_LANGUAGE_STANDARD = "gnu++20";
				CLANG_ENABLE_MODULES = YES;
				CLANG_ENABLE_OBJC_ARC = YES;
				CLANG_ENABLE_OBJC_WEAK = YES;
				CLANG_WARN_BLOCK_CAPTURE_AUTORELEASING = YES;
				CLANG_WARN_BOOL_CONVERSION = YES;
				CLANG_WARN_COMMA = YES;
				CLANG_WARN_CONSTANT_CONVERSION = YES;
				CLANG_WARN_DEPRECATED_OBJC_IMPLEMENTATIONS = YES;
				CLANG_WARN_DIRECT_OBJC_ISA_USAGE = YES_ERROR;
				CLANG_WARN_DOCUMENTATION_COMMENTS = YES;
				CLANG_WARN_EMPTY_BODY = YES;
				CLANG_WARN_ENUM_CONVERSION = YES;
				CLANG_WARN_INFINITE_RECURSION = YES;
				CLANG_WARN_INT_CONVERSION = YES;
				CLANG_WARN_NON_LITERAL_NULL_CONVERSION = YES;
				CLANG_WARN_OBJC_IMPLICIT_RETAIN_SELF = YES;
				CLANG_WARN_OBJC_LITERAL_CONVERSION = YES;
				CLANG_WARN_OBJC_ROOT_CLASS = YES_ERROR;
				CLANG_WARN_QUOTED_INCLUDE_IN_FRAMEWORK_HEADER = YES;
				CLANG_WARN_RANGE_LOOP_ANALYSIS = YES;
				CLANG_WARN_STRICT_PROTOTYPES = YES;
				CLANG_WARN_SUSPICIOUS_MOVE = YES;
				CLANG_WARN_UNGUARDED_AVAILABILITY = YES_AGGRESSIVE;
				CLANG_WARN_UNREACHABLE_CODE = YES;
				CLANG_WARN__DUPLICATE_METHOD_MATCH = YES;
				COPY_PHASE_STRIP = NO;
				DEBUG_INFORMATION_FORMAT = "dwarf-with-dsym";
				ENABLE_NS_ASSERTIONS = NO;
				ENABLE_STRICT_OBJC_MSGSEND = YES;
				GCC_C_LANGUAGE_STANDARD = gnu11;
				GCC_NO_COMMON_BLOCKS = YES;
				GCC_WARN_64_TO_32_BIT_CONVERSION = YES;
				GCC_WARN_ABOUT_RETURN_TYPE = YES_ERROR;
				GCC_WARN_UNDECLARED_SELECTOR = YES;
				GCC_WARN_UNINITIALIZED_AUTOS = YES_AGGRESSIVE;
				GCC_WARN_UNUSED_FUNCTION = YES;
				GCC_WARN_UNUSED_VARIABLE = YES;
				MTL_ENABLE_DEBUG_INFO = NO;
				MTL_FAST_MATH = YES;
				SWIFT_COMPILATION_MODE = wholemodule;
				SWIFT_OPTIMIZATION_LEVEL = "-O";
			};
			name = Release;
		};
		0D09F0E02972F51F0061F6CB /* Debug */ = {
			isa = XCBuildConfiguration;
			buildSettings = {
				ASSETCATALOG_COMPILER_APPICON_NAME = AppIcon;
				ASSETCATALOG_COMPILER_GLOBAL_ACCENT_COLOR_NAME = AccentColor;
				CODE_SIGN_ENTITLEMENTS = SquareEmployeeDirectoryApp/SquareEmployeeDirectoryApp.entitlements;
				CODE_SIGN_STYLE = Automatic;
				CURRENT_PROJECT_VERSION = 1;
				DEVELOPMENT_ASSET_PATHS = "\"SquareEmployeeDirectoryApp/Preview Content\"";
				DEVELOPMENT_TEAM = 54WBT8TSTM;
				ENABLE_HARDENED_RUNTIME = YES;
				ENABLE_PREVIEWS = YES;
				GENERATE_INFOPLIST_FILE = YES;
				"INFOPLIST_KEY_UIApplicationSceneManifest_Generation[sdk=iphoneos*]" = YES;
				"INFOPLIST_KEY_UIApplicationSceneManifest_Generation[sdk=iphonesimulator*]" = YES;
				"INFOPLIST_KEY_UIApplicationSupportsIndirectInputEvents[sdk=iphoneos*]" = YES;
				"INFOPLIST_KEY_UIApplicationSupportsIndirectInputEvents[sdk=iphonesimulator*]" = YES;
				"INFOPLIST_KEY_UILaunchScreen_Generation[sdk=iphoneos*]" = YES;
				"INFOPLIST_KEY_UILaunchScreen_Generation[sdk=iphonesimulator*]" = YES;
				"INFOPLIST_KEY_UIStatusBarStyle[sdk=iphoneos*]" = UIStatusBarStyleDefault;
				"INFOPLIST_KEY_UIStatusBarStyle[sdk=iphonesimulator*]" = UIStatusBarStyleDefault;
				INFOPLIST_KEY_UISupportedInterfaceOrientations_iPad = "UIInterfaceOrientationPortrait UIInterfaceOrientationPortraitUpsideDown UIInterfaceOrientationLandscapeLeft UIInterfaceOrientationLandscapeRight";
				INFOPLIST_KEY_UISupportedInterfaceOrientations_iPhone = "UIInterfaceOrientationPortrait UIInterfaceOrientationLandscapeLeft UIInterfaceOrientationLandscapeRight";
				IPHONEOS_DEPLOYMENT_TARGET = 16.1;
				LD_RUNPATH_SEARCH_PATHS = "@executable_path/Frameworks";
				"LD_RUNPATH_SEARCH_PATHS[sdk=macosx*]" = "@executable_path/../Frameworks";
				MACOSX_DEPLOYMENT_TARGET = 12.5;
				MARKETING_VERSION = 1.0;
				PRODUCT_BUNDLE_IDENTIFIER = com.andreamonroy.SquareEmployeeDirectoryApp;
				PRODUCT_NAME = "$(TARGET_NAME)";
				SDKROOT = auto;
				SUPPORTED_PLATFORMS = "iphoneos iphonesimulator macosx";
				SWIFT_EMIT_LOC_STRINGS = YES;
				SWIFT_VERSION = 5.0;
				TARGETED_DEVICE_FAMILY = "1,2";
			};
			name = Debug;
		};
		0D09F0E12972F51F0061F6CB /* Release */ = {
			isa = XCBuildConfiguration;
			buildSettings = {
				ASSETCATALOG_COMPILER_APPICON_NAME = AppIcon;
				ASSETCATALOG_COMPILER_GLOBAL_ACCENT_COLOR_NAME = AccentColor;
				CODE_SIGN_ENTITLEMENTS = SquareEmployeeDirectoryApp/SquareEmployeeDirectoryApp.entitlements;
				CODE_SIGN_STYLE = Automatic;
				CURRENT_PROJECT_VERSION = 1;
				DEVELOPMENT_ASSET_PATHS = "\"SquareEmployeeDirectoryApp/Preview Content\"";
				DEVELOPMENT_TEAM = 54WBT8TSTM;
				ENABLE_HARDENED_RUNTIME = YES;
				ENABLE_PREVIEWS = YES;
				GENERATE_INFOPLIST_FILE = YES;
				"INFOPLIST_KEY_UIApplicationSceneManifest_Generation[sdk=iphoneos*]" = YES;
				"INFOPLIST_KEY_UIApplicationSceneManifest_Generation[sdk=iphonesimulator*]" = YES;
				"INFOPLIST_KEY_UIApplicationSupportsIndirectInputEvents[sdk=iphoneos*]" = YES;
				"INFOPLIST_KEY_UIApplicationSupportsIndirectInputEvents[sdk=iphonesimulator*]" = YES;
				"INFOPLIST_KEY_UILaunchScreen_Generation[sdk=iphoneos*]" = YES;
				"INFOPLIST_KEY_UILaunchScreen_Generation[sdk=iphonesimulator*]" = YES;
				"INFOPLIST_KEY_UIStatusBarStyle[sdk=iphoneos*]" = UIStatusBarStyleDefault;
				"INFOPLIST_KEY_UIStatusBarStyle[sdk=iphonesimulator*]" = UIStatusBarStyleDefault;
				INFOPLIST_KEY_UISupportedInterfaceOrientations_iPad = "UIInterfaceOrientationPortrait UIInterfaceOrientationPortraitUpsideDown UIInterfaceOrientationLandscapeLeft UIInterfaceOrientationLandscapeRight";
				INFOPLIST_KEY_UISupportedInterfaceOrientations_iPhone = "UIInterfaceOrientationPortrait UIInterfaceOrientationLandscapeLeft UIInterfaceOrientationLandscapeRight";
				IPHONEOS_DEPLOYMENT_TARGET = 16.1;
				LD_RUNPATH_SEARCH_PATHS = "@executable_path/Frameworks";
				"LD_RUNPATH_SEARCH_PATHS[sdk=macosx*]" = "@executable_path/../Frameworks";
				MACOSX_DEPLOYMENT_TARGET = 12.5;
				MARKETING_VERSION = 1.0;
				PRODUCT_BUNDLE_IDENTIFIER = com.andreamonroy.SquareEmployeeDirectoryApp;
				PRODUCT_NAME = "$(TARGET_NAME)";
				SDKROOT = auto;
				SUPPORTED_PLATFORMS = "iphoneos iphonesimulator macosx";
				SWIFT_EMIT_LOC_STRINGS = YES;
				SWIFT_VERSION = 5.0;
				TARGETED_DEVICE_FAMILY = "1,2";
			};
			name = Release;
		};
		0D09F1002972F8560061F6CB /* Debug */ = {
			isa = XCBuildConfiguration;
			buildSettings = {
				BUNDLE_LOADER = "$(TEST_HOST)";
				CODE_SIGN_STYLE = Automatic;
				CURRENT_PROJECT_VERSION = 1;
				DEVELOPMENT_TEAM = 54WBT8TSTM;
				GENERATE_INFOPLIST_FILE = YES;
				IPHONEOS_DEPLOYMENT_TARGET = 16.1;
				MARKETING_VERSION = 1.0;
				PRODUCT_BUNDLE_IDENTIFIER = "com.andreamonroy.SquareEmployeeDirectoryApp-Tests";
				PRODUCT_NAME = "$(TARGET_NAME)";
				SDKROOT = iphoneos;
				SWIFT_EMIT_LOC_STRINGS = NO;
				SWIFT_VERSION = 5.0;
				TARGETED_DEVICE_FAMILY = "1,2";
				TEST_HOST = "$(BUILT_PRODUCTS_DIR)/SquareEmployeeDirectoryApp.app/$(BUNDLE_EXECUTABLE_FOLDER_PATH)/SquareEmployeeDirectoryApp";
			};
			name = Debug;
		};
		0D09F1012972F8560061F6CB /* Release */ = {
			isa = XCBuildConfiguration;
			buildSettings = {
				BUNDLE_LOADER = "$(TEST_HOST)";
				CODE_SIGN_STYLE = Automatic;
				CURRENT_PROJECT_VERSION = 1;
				DEVELOPMENT_TEAM = 54WBT8TSTM;
				GENERATE_INFOPLIST_FILE = YES;
				IPHONEOS_DEPLOYMENT_TARGET = 16.1;
				MARKETING_VERSION = 1.0;
				PRODUCT_BUNDLE_IDENTIFIER = "com.andreamonroy.SquareEmployeeDirectoryApp-Tests";
				PRODUCT_NAME = "$(TARGET_NAME)";
				SDKROOT = iphoneos;
				SWIFT_EMIT_LOC_STRINGS = NO;
				SWIFT_VERSION = 5.0;
				TARGETED_DEVICE_FAMILY = "1,2";
				TEST_HOST = "$(BUILT_PRODUCTS_DIR)/SquareEmployeeDirectoryApp.app/$(BUNDLE_EXECUTABLE_FOLDER_PATH)/SquareEmployeeDirectoryApp";
				VALIDATE_PRODUCT = YES;
			};
			name = Release;
		};
/* End XCBuildConfiguration section */

/* Begin XCConfigurationList section */
		0D09F0CB2972F51D0061F6CB /* Build configuration list for PBXProject "SquareEmployeeDirectoryApp" */ = {
			isa = XCConfigurationList;
			buildConfigurations = (
				0D09F0DD2972F51F0061F6CB /* Debug */,
				0D09F0DE2972F51F0061F6CB /* Release */,
			);
			defaultConfigurationIsVisible = 0;
			defaultConfigurationName = Release;
		};
		0D09F0DF2972F51F0061F6CB /* Build configuration list for PBXNativeTarget "SquareEmployeeDirectoryApp" */ = {
			isa = XCConfigurationList;
			buildConfigurations = (
				0D09F0E02972F51F0061F6CB /* Debug */,
				0D09F0E12972F51F0061F6CB /* Release */,
			);
			defaultConfigurationIsVisible = 0;
			defaultConfigurationName = Release;
		};
		0D09F1022972F8560061F6CB /* Build configuration list for PBXNativeTarget "SquareEmployeeDirectoryApp_Tests" */ = {
			isa = XCConfigurationList;
			buildConfigurations = (
				0D09F1002972F8560061F6CB /* Debug */,
				0D09F1012972F8560061F6CB /* Release */,
			);
			defaultConfigurationIsVisible = 0;
			defaultConfigurationName = Release;
		};
/* End XCConfigurationList section */
	};
	rootObject = 0D09F0C82972F51D0061F6CB /* Project object */;
}
